
Microsoft Visual Studio Solution File, Format Version 12.00
# Visual Studio Version 17
VisualStudioVersion = 17.5.33530.505
MinimumVisualStudioVersion = 10.0.40219.1
Project("{FAE04EC0-301F-11D3-BF4B-00C04F79EFBC}") = "Event Scheduler", "Event Scheduler\Event Scheduler.csproj", "{B7480095-0409-4D06-B606-77E9C370264E}"
EndProject
Global
	GlobalSection(SolutionConfigurationPlatforms) = preSolution
		Debug|Any CPU = Debug|Any CPU
		Release|Any CPU = Release|Any CPU
	EndGlobalSection
	GlobalSection(ProjectConfigurationPlatforms) = postSolution
		{B7480095-0409-4D06-B606-77E9C370264E}.Debug|Any CPU.ActiveCfg = Debug|Any CPU
		{B7480095-0409-4D06-B606-77E9C370264E}.Debug|Any CPU.Build.0 = Debug|Any CPU
		{B7480095-0409-4D06-B606-77E9C370264E}.Release|Any CPU.ActiveCfg = Release|Any CPU
		{B7480095-0409-4D06-B606-77E9C370264E}.Release|Any CPU.Build.0 = Release|Any CPU
	EndGlobalSection
	GlobalSection(SolutionProperties) = preSolution
		HideSolutionNode = FALSE
	EndGlobalSection
	GlobalSection(ExtensibilityGlobals) = postSolution
		SolutionGuid = {0829B0DC-CEC3-4B39-BF6D-39F81B2674D5}
	EndGlobalSection
EndGlobal
